{
    "version": 3,
    "terraform_version": "0.11.10",
    "serial": 3,
    "lineage": "5141534b-7fc0-127e-170e-2784416e1aff",
    "modules": [
        {
            "path": [
                "root"
            ],
            "outputs": {
                "app_external_ip": {
                    "sensitive": false,
                    "type": "string",
                    "value": "35.241.130.8"
                }
            },
            "resources": {},
            "depends_on": []
        },
        {
            "path": [
                "root",
                "app"
            ],
            "outputs": {
                "app_external_ip": {
                    "sensitive": false,
                    "type": "string",
                    "value": "35.241.130.8"
                }
            },
            "resources": {
                "google_compute_address.app_ip": {
                    "type": "google_compute_address",
                    "depends_on": [],
                    "primary": {
                        "id": "projects/docker-223618/regions/europe-west1/addresses/gitlab-ip",
                        "attributes": {
                            "address": "35.241.130.8",
                            "address_type": "EXTERNAL",
                            "id": "projects/docker-223618/regions/europe-west1/addresses/gitlab-ip",
                            "name": "gitlab-ip",
                            "project": "docker-223618",
                            "region": "europe-west1",
                            "self_link": "https://www.googleapis.com/compute/v1/projects/docker-223618/regions/europe-west1/addresses/gitlab-ip",
                            "subnetwork": ""
                        },
                        "meta": {
                            "schema_version": "1"
                        },
                        "tainted": false
                    },
                    "deposed": [],
                    "provider": "provider.google"
                },
                "google_compute_firewall.firewall_http": {
                    "type": "google_compute_firewall",
                    "depends_on": [],
                    "primary": {
                        "id": "allow-http-default",
                        "attributes": {
                            "allow.#": "1",
                            "allow.1250112605.ports.#": "2",
                            "allow.1250112605.ports.0": "80",
                            "allow.1250112605.ports.1": "443",
                            "allow.1250112605.protocol": "tcp",
                            "deny.#": "0",
                            "description": "",
                            "destination_ranges.#": "0",
                            "id": "allow-http-default",
                            "name": "allow-http-default",
                            "network": "https://www.googleapis.com/compute/v1/projects/docker-223618/global/networks/default",
                            "priority": "1000",
                            "project": "docker-223618",
                            "self_link": "https://www.googleapis.com/compute/v1/projects/docker-223618/global/firewalls/allow-http-default",
                            "source_ranges.#": "1",
                            "source_ranges.1080289494": "0.0.0.0/0",
                            "source_service_accounts.#": "0",
                            "source_tags.#": "0",
                            "target_service_accounts.#": "0",
                            "target_tags.#": "1",
                            "target_tags.5300119": "gitlab-app"
                        },
                        "meta": {
                            "schema_version": "1"
                        },
                        "tainted": false
                    },
                    "deposed": [],
                    "provider": "provider.google"
                },
                "google_compute_instance.app": {
                    "type": "google_compute_instance",
                    "depends_on": [
                        "google_compute_address.app_ip"
                    ],
                    "primary": {
                        "id": "gitlab-app",
                        "attributes": {
                            "attached_disk.#": "0",
                            "boot_disk.#": "1",
                            "boot_disk.0.auto_delete": "true",
                            "boot_disk.0.device_name": "persistent-disk-0",
                            "boot_disk.0.disk_encryption_key_raw": "",
                            "boot_disk.0.disk_encryption_key_sha256": "",
                            "boot_disk.0.initialize_params.#": "1",
                            "boot_disk.0.initialize_params.0.image": "ubuntu-1604-lts",
                            "boot_disk.0.initialize_params.0.size": "75",
                            "boot_disk.0.initialize_params.0.type": "",
                            "boot_disk.0.source": "https://www.googleapis.com/compute/v1/projects/docker-223618/zones/europe-west1-b/disks/gitlab-app",
                            "can_ip_forward": "false",
                            "cpu_platform": "Intel Sandy Bridge",
                            "create_timeout": "4",
                            "guest_accelerator.#": "0",
                            "id": "gitlab-app",
                            "instance_id": "6456257552356447505",
                            "label_fingerprint": "42WmSpB8rSM=",
                            "machine_type": "g1-small",
                            "metadata.%": "1",
                            "metadata.ssh-keys": "user:ssh-rsa AAAAB3NzaC1yc2EAAAADAQABAAABAQDT3mawBpT2cqQDVUuzkPpeOyx8718G67LRhld7OaNsAFeBhYrnv4WUPv90irRZu5hSHPne6+YkpZA26dt7TjhoybQ0Hf9uls3M+alKOjGv+nhMYr1+zVZLa9wuzPqwzQXXnIExcBvRY5znSzXraYi0klA+DAXQ0yK8O974VNBu2JGr5SDEayNG7SxiUXUVJ9nbluHaj8QLpg3vsVhshkm9++qvvBu1/QwbQFd4sOK29bzrnhMDDGVzVKYSJgwRogoYg6ZOX4Kmw7JTN0yDdroZu49YHAuXhhJr3dmCRxwtdC64l2AYl120E8HD9m/YHfmALwsru2zSk4TMiDE+vP/1 user@VirtualBox\n",
                            "metadata_fingerprint": "Fv9qhfvAjao=",
                            "min_cpu_platform": "",
                            "name": "gitlab-app",
                            "network_interface.#": "1",
                            "network_interface.0.access_config.#": "1",
                            "network_interface.0.access_config.0.assigned_nat_ip": "35.241.130.8",
                            "network_interface.0.access_config.0.nat_ip": "35.241.130.8",
                            "network_interface.0.address": "10.132.0.3",
                            "network_interface.0.alias_ip_range.#": "0",
                            "network_interface.0.name": "nic0",
                            "network_interface.0.network": "https://www.googleapis.com/compute/v1/projects/docker-223618/global/networks/default",
                            "network_interface.0.network_ip": "10.132.0.3",
                            "network_interface.0.subnetwork": "https://www.googleapis.com/compute/v1/projects/docker-223618/regions/europe-west1/subnetworks/default",
                            "network_interface.0.subnetwork_project": "docker-223618",
                            "project": "docker-223618",
                            "scheduling.#": "1",
                            "scheduling.0.automatic_restart": "true",
                            "scheduling.0.on_host_maintenance": "MIGRATE",
                            "scheduling.0.preemptible": "false",
                            "scratch_disk.#": "0",
                            "self_link": "https://www.googleapis.com/compute/v1/projects/docker-223618/zones/europe-west1-b/instances/gitlab-app",
                            "service_account.#": "0",
                            "tags.#": "1",
                            "tags.5300119": "gitlab-app",
                            "tags_fingerprint": "gAd2gm1huho=",
                            "zone": "europe-west1-b"
                        },
                        "meta": {
                            "schema_version": "6"
                        },
                        "tainted": false
                    },
                    "deposed": [],
                    "provider": "provider.google"
                }
            },
            "depends_on": []
        },
        {
            "path": [
                "root",
                "vpc"
            ],
            "outputs": {},
            "resources": {},
            "depends_on": []
        }
    ]
}
